
Microsoft Visual Studio Solution File, Format Version 12.00
# Visual Studio 15
VisualStudioVersion = 15.0.26124.0
MinimumVisualStudioVersion = 15.0.26124.0
Project("{2150E333-8FDC-42A3-9474-1A3956D46DE8}") = "src", "src", "{D82DD353-010F-4533-BE03-D7C9D2BC72FA}"
EndProject
Project("{FAE04EC0-301F-11D3-BF4B-00C04F79EFBC}") = "NRPC.Proxy", "src\NRPC.Proxy\NRPC.Proxy.csproj", "{F690618B-B208-4B97-9290-B88854D86A6E}"
EndProject
Project("{FAE04EC0-301F-11D3-BF4B-00C04F79EFBC}") = "NRPC.Client", "src\NRPC.Client\NRPC.Client.csproj", "{101D5EFC-E157-4C57-9805-21EE239597D8}"
EndProject
Project("{2150E333-8FDC-42A3-9474-1A3956D46DE8}") = "test", "test", "{1BDBD529-5A4E-4095-9B59-F6416B6173F9}"
EndProject
Project("{FAE04EC0-301F-11D3-BF4B-00C04F79EFBC}") = "NRPC.Test", "test\NRPC.Test\NRPC.Test.csproj", "{18FF3542-2078-41AC-8EDE-0817D91D8322}"
EndProject
Project("{FAE04EC0-301F-11D3-BF4B-00C04F79EFBC}") = "NRPC.Abstractions", "src\NRPC.Abstractions\NRPC.Abstractions.csproj", "{13271238-C079-453C-805F-BE0E665FCBA6}"
EndProject
Global
	GlobalSection(SolutionConfigurationPlatforms) = preSolution
		Debug|Any CPU = Debug|Any CPU
		Debug|x64 = Debug|x64
		Debug|x86 = Debug|x86
		Release|Any CPU = Release|Any CPU
		Release|x64 = Release|x64
		Release|x86 = Release|x86
	EndGlobalSection
	GlobalSection(SolutionProperties) = preSolution
		HideSolutionNode = FALSE
	EndGlobalSection
	GlobalSection(ProjectConfigurationPlatforms) = postSolution
		{F690618B-B208-4B97-9290-B88854D86A6E}.Debug|Any CPU.ActiveCfg = Debug|Any CPU
		{F690618B-B208-4B97-9290-B88854D86A6E}.Debug|Any CPU.Build.0 = Debug|Any CPU
		{F690618B-B208-4B97-9290-B88854D86A6E}.Debug|x64.ActiveCfg = Debug|Any CPU
		{F690618B-B208-4B97-9290-B88854D86A6E}.Debug|x64.Build.0 = Debug|Any CPU
		{F690618B-B208-4B97-9290-B88854D86A6E}.Debug|x86.ActiveCfg = Debug|Any CPU
		{F690618B-B208-4B97-9290-B88854D86A6E}.Debug|x86.Build.0 = Debug|Any CPU
		{F690618B-B208-4B97-9290-B88854D86A6E}.Release|Any CPU.ActiveCfg = Release|Any CPU
		{F690618B-B208-4B97-9290-B88854D86A6E}.Release|Any CPU.Build.0 = Release|Any CPU
		{F690618B-B208-4B97-9290-B88854D86A6E}.Release|x64.ActiveCfg = Release|Any CPU
		{F690618B-B208-4B97-9290-B88854D86A6E}.Release|x64.Build.0 = Release|Any CPU
		{F690618B-B208-4B97-9290-B88854D86A6E}.Release|x86.ActiveCfg = Release|Any CPU
		{F690618B-B208-4B97-9290-B88854D86A6E}.Release|x86.Build.0 = Release|Any CPU
		{101D5EFC-E157-4C57-9805-21EE239597D8}.Debug|Any CPU.ActiveCfg = Debug|Any CPU
		{101D5EFC-E157-4C57-9805-21EE239597D8}.Debug|Any CPU.Build.0 = Debug|Any CPU
		{101D5EFC-E157-4C57-9805-21EE239597D8}.Debug|x64.ActiveCfg = Debug|Any CPU
		{101D5EFC-E157-4C57-9805-21EE239597D8}.Debug|x64.Build.0 = Debug|Any CPU
		{101D5EFC-E157-4C57-9805-21EE239597D8}.Debug|x86.ActiveCfg = Debug|Any CPU
		{101D5EFC-E157-4C57-9805-21EE239597D8}.Debug|x86.Build.0 = Debug|Any CPU
		{101D5EFC-E157-4C57-9805-21EE239597D8}.Release|Any CPU.ActiveCfg = Release|Any CPU
		{101D5EFC-E157-4C57-9805-21EE239597D8}.Release|Any CPU.Build.0 = Release|Any CPU
		{101D5EFC-E157-4C57-9805-21EE239597D8}.Release|x64.ActiveCfg = Release|Any CPU
		{101D5EFC-E157-4C57-9805-21EE239597D8}.Release|x64.Build.0 = Release|Any CPU
		{101D5EFC-E157-4C57-9805-21EE239597D8}.Release|x86.ActiveCfg = Release|Any CPU
		{101D5EFC-E157-4C57-9805-21EE239597D8}.Release|x86.Build.0 = Release|Any CPU
		{18FF3542-2078-41AC-8EDE-0817D91D8322}.Debug|Any CPU.ActiveCfg = Debug|Any CPU
		{18FF3542-2078-41AC-8EDE-0817D91D8322}.Debug|Any CPU.Build.0 = Debug|Any CPU
		{18FF3542-2078-41AC-8EDE-0817D91D8322}.Debug|x64.ActiveCfg = Debug|Any CPU
		{18FF3542-2078-41AC-8EDE-0817D91D8322}.Debug|x64.Build.0 = Debug|Any CPU
		{18FF3542-2078-41AC-8EDE-0817D91D8322}.Debug|x86.ActiveCfg = Debug|Any CPU
		{18FF3542-2078-41AC-8EDE-0817D91D8322}.Debug|x86.Build.0 = Debug|Any CPU
		{18FF3542-2078-41AC-8EDE-0817D91D8322}.Release|Any CPU.ActiveCfg = Release|Any CPU
		{18FF3542-2078-41AC-8EDE-0817D91D8322}.Release|Any CPU.Build.0 = Release|Any CPU
		{18FF3542-2078-41AC-8EDE-0817D91D8322}.Release|x64.ActiveCfg = Release|Any CPU
		{18FF3542-2078-41AC-8EDE-0817D91D8322}.Release|x64.Build.0 = Release|Any CPU
		{18FF3542-2078-41AC-8EDE-0817D91D8322}.Release|x86.ActiveCfg = Release|Any CPU
		{18FF3542-2078-41AC-8EDE-0817D91D8322}.Release|x86.Build.0 = Release|Any CPU
		{13271238-C079-453C-805F-BE0E665FCBA6}.Debug|Any CPU.ActiveCfg = Debug|Any CPU
		{13271238-C079-453C-805F-BE0E665FCBA6}.Debug|Any CPU.Build.0 = Debug|Any CPU
		{13271238-C079-453C-805F-BE0E665FCBA6}.Debug|x64.ActiveCfg = Debug|Any CPU
		{13271238-C079-453C-805F-BE0E665FCBA6}.Debug|x64.Build.0 = Debug|Any CPU
		{13271238-C079-453C-805F-BE0E665FCBA6}.Debug|x86.ActiveCfg = Debug|Any CPU
		{13271238-C079-453C-805F-BE0E665FCBA6}.Debug|x86.Build.0 = Debug|Any CPU
		{13271238-C079-453C-805F-BE0E665FCBA6}.Release|Any CPU.ActiveCfg = Release|Any CPU
		{13271238-C079-453C-805F-BE0E665FCBA6}.Release|Any CPU.Build.0 = Release|Any CPU
		{13271238-C079-453C-805F-BE0E665FCBA6}.Release|x64.ActiveCfg = Release|Any CPU
		{13271238-C079-453C-805F-BE0E665FCBA6}.Release|x64.Build.0 = Release|Any CPU
		{13271238-C079-453C-805F-BE0E665FCBA6}.Release|x86.ActiveCfg = Release|Any CPU
		{13271238-C079-453C-805F-BE0E665FCBA6}.Release|x86.Build.0 = Release|Any CPU
	EndGlobalSection
	GlobalSection(NestedProjects) = preSolution
		{F690618B-B208-4B97-9290-B88854D86A6E} = {D82DD353-010F-4533-BE03-D7C9D2BC72FA}
		{101D5EFC-E157-4C57-9805-21EE239597D8} = {D82DD353-010F-4533-BE03-D7C9D2BC72FA}
		{18FF3542-2078-41AC-8EDE-0817D91D8322} = {1BDBD529-5A4E-4095-9B59-F6416B6173F9}
		{13271238-C079-453C-805F-BE0E665FCBA6} = {D82DD353-010F-4533-BE03-D7C9D2BC72FA}
	EndGlobalSection
EndGlobal
