
Microsoft Visual Studio Solution File, Format Version 12.00
# Visual Studio 15
VisualStudioVersion = 15.0.26124.0
MinimumVisualStudioVersion = 15.0.26124.0
Project("{2150E333-8FDC-42A3-9474-1A3956D46DE8}") = "src", "src", "{D82DD353-010F-4533-BE03-D7C9D2BC72FA}"
EndProject
Project("{FAE04EC0-301F-11D3-BF4B-00C04F79EFBC}") = "NRPC.Proxy", "src\NRPC.Proxy\NRPC.Proxy.csproj", "{F690618B-B208-4B97-9290-B88854D86A6E}"
EndProject
Project("{FAE04EC0-301F-11D3-BF4B-00C04F79EFBC}") = "NRPC.Abstractions", "src\NRPC.Abstractions\NRPC.Abstractions.csproj", "{13271238-C079-453C-805F-BE0E665FCBA6}"
EndProject
Project("{2150E333-8FDC-42A3-9474-1A3956D46DE8}") = "test", "test", "{0C88DD14-F956-CE84-757C-A364CCF449FC}"
EndProject
Project("{FAE04EC0-301F-11D3-BF4B-00C04F79EFBC}") = "NRPC.Test", "test\NRPC.Test\NRPC.Test.csproj", "{51985B13-4E5A-4503-BCCC-F15CE243E624}"
EndProject
Project("{FAE04EC0-301F-11D3-BF4B-00C04F79EFBC}") = "NRPC.Executor", "src\NRPC.Executor\NRPC.Executor.csproj", "{0978D9CF-14B0-4D97-B58C-65F4B61FFB64}"
EndProject
Project("{FAE04EC0-301F-11D3-BF4B-00C04F79EFBC}") = "NRPC.Caller", "src\NRPC.Caller\NRPC.Caller.csproj", "{47B0BAF8-DA22-45D3-A6C6-5FD61D88E27A}"
EndProject
Project("{FAE04EC0-301F-11D3-BF4B-00C04F79EFBC}") = "NRPC.SuperSocket.Server", "src\NRPC.SuperSocket.Server\NRPC.SuperSocket.Server.csproj", "{F611DA71-9A86-41DB-9575-C1C5A5942E28}"
EndProject
Global
	GlobalSection(SolutionConfigurationPlatforms) = preSolution
		Debug|Any CPU = Debug|Any CPU
		Debug|x64 = Debug|x64
		Debug|x86 = Debug|x86
		Release|Any CPU = Release|Any CPU
		Release|x64 = Release|x64
		Release|x86 = Release|x86
	EndGlobalSection
	GlobalSection(ProjectConfigurationPlatforms) = postSolution
		{F690618B-B208-4B97-9290-B88854D86A6E}.Debug|Any CPU.ActiveCfg = Debug|Any CPU
		{F690618B-B208-4B97-9290-B88854D86A6E}.Debug|Any CPU.Build.0 = Debug|Any CPU
		{F690618B-B208-4B97-9290-B88854D86A6E}.Debug|x64.ActiveCfg = Debug|Any CPU
		{F690618B-B208-4B97-9290-B88854D86A6E}.Debug|x64.Build.0 = Debug|Any CPU
		{F690618B-B208-4B97-9290-B88854D86A6E}.Debug|x86.ActiveCfg = Debug|Any CPU
		{F690618B-B208-4B97-9290-B88854D86A6E}.Debug|x86.Build.0 = Debug|Any CPU
		{F690618B-B208-4B97-9290-B88854D86A6E}.Release|Any CPU.ActiveCfg = Release|Any CPU
		{F690618B-B208-4B97-9290-B88854D86A6E}.Release|Any CPU.Build.0 = Release|Any CPU
		{F690618B-B208-4B97-9290-B88854D86A6E}.Release|x64.ActiveCfg = Release|Any CPU
		{F690618B-B208-4B97-9290-B88854D86A6E}.Release|x64.Build.0 = Release|Any CPU
		{F690618B-B208-4B97-9290-B88854D86A6E}.Release|x86.ActiveCfg = Release|Any CPU
		{F690618B-B208-4B97-9290-B88854D86A6E}.Release|x86.Build.0 = Release|Any CPU
		{13271238-C079-453C-805F-BE0E665FCBA6}.Debug|Any CPU.ActiveCfg = Debug|Any CPU
		{13271238-C079-453C-805F-BE0E665FCBA6}.Debug|Any CPU.Build.0 = Debug|Any CPU
		{13271238-C079-453C-805F-BE0E665FCBA6}.Debug|x64.ActiveCfg = Debug|Any CPU
		{13271238-C079-453C-805F-BE0E665FCBA6}.Debug|x64.Build.0 = Debug|Any CPU
		{13271238-C079-453C-805F-BE0E665FCBA6}.Debug|x86.ActiveCfg = Debug|Any CPU
		{13271238-C079-453C-805F-BE0E665FCBA6}.Debug|x86.Build.0 = Debug|Any CPU
		{13271238-C079-453C-805F-BE0E665FCBA6}.Release|Any CPU.ActiveCfg = Release|Any CPU
		{13271238-C079-453C-805F-BE0E665FCBA6}.Release|Any CPU.Build.0 = Release|Any CPU
		{13271238-C079-453C-805F-BE0E665FCBA6}.Release|x64.ActiveCfg = Release|Any CPU
		{13271238-C079-453C-805F-BE0E665FCBA6}.Release|x64.Build.0 = Release|Any CPU
		{13271238-C079-453C-805F-BE0E665FCBA6}.Release|x86.ActiveCfg = Release|Any CPU
		{13271238-C079-453C-805F-BE0E665FCBA6}.Release|x86.Build.0 = Release|Any CPU
		{51985B13-4E5A-4503-BCCC-F15CE243E624}.Debug|Any CPU.ActiveCfg = Debug|Any CPU
		{51985B13-4E5A-4503-BCCC-F15CE243E624}.Debug|Any CPU.Build.0 = Debug|Any CPU
		{51985B13-4E5A-4503-BCCC-F15CE243E624}.Debug|x64.ActiveCfg = Debug|Any CPU
		{51985B13-4E5A-4503-BCCC-F15CE243E624}.Debug|x64.Build.0 = Debug|Any CPU
		{51985B13-4E5A-4503-BCCC-F15CE243E624}.Debug|x86.ActiveCfg = Debug|Any CPU
		{51985B13-4E5A-4503-BCCC-F15CE243E624}.Debug|x86.Build.0 = Debug|Any CPU
		{51985B13-4E5A-4503-BCCC-F15CE243E624}.Release|Any CPU.ActiveCfg = Release|Any CPU
		{51985B13-4E5A-4503-BCCC-F15CE243E624}.Release|Any CPU.Build.0 = Release|Any CPU
		{51985B13-4E5A-4503-BCCC-F15CE243E624}.Release|x64.ActiveCfg = Release|Any CPU
		{51985B13-4E5A-4503-BCCC-F15CE243E624}.Release|x64.Build.0 = Release|Any CPU
		{51985B13-4E5A-4503-BCCC-F15CE243E624}.Release|x86.ActiveCfg = Release|Any CPU
		{51985B13-4E5A-4503-BCCC-F15CE243E624}.Release|x86.Build.0 = Release|Any CPU
		{0978D9CF-14B0-4D97-B58C-65F4B61FFB64}.Debug|Any CPU.ActiveCfg = Debug|Any CPU
		{0978D9CF-14B0-4D97-B58C-65F4B61FFB64}.Debug|Any CPU.Build.0 = Debug|Any CPU
		{0978D9CF-14B0-4D97-B58C-65F4B61FFB64}.Debug|x64.ActiveCfg = Debug|Any CPU
		{0978D9CF-14B0-4D97-B58C-65F4B61FFB64}.Debug|x64.Build.0 = Debug|Any CPU
		{0978D9CF-14B0-4D97-B58C-65F4B61FFB64}.Debug|x86.ActiveCfg = Debug|Any CPU
		{0978D9CF-14B0-4D97-B58C-65F4B61FFB64}.Debug|x86.Build.0 = Debug|Any CPU
		{0978D9CF-14B0-4D97-B58C-65F4B61FFB64}.Release|Any CPU.ActiveCfg = Release|Any CPU
		{0978D9CF-14B0-4D97-B58C-65F4B61FFB64}.Release|Any CPU.Build.0 = Release|Any CPU
		{0978D9CF-14B0-4D97-B58C-65F4B61FFB64}.Release|x64.ActiveCfg = Release|Any CPU
		{0978D9CF-14B0-4D97-B58C-65F4B61FFB64}.Release|x64.Build.0 = Release|Any CPU
		{0978D9CF-14B0-4D97-B58C-65F4B61FFB64}.Release|x86.ActiveCfg = Release|Any CPU
		{0978D9CF-14B0-4D97-B58C-65F4B61FFB64}.Release|x86.Build.0 = Release|Any CPU
		{47B0BAF8-DA22-45D3-A6C6-5FD61D88E27A}.Debug|Any CPU.ActiveCfg = Debug|Any CPU
		{47B0BAF8-DA22-45D3-A6C6-5FD61D88E27A}.Debug|Any CPU.Build.0 = Debug|Any CPU
		{47B0BAF8-DA22-45D3-A6C6-5FD61D88E27A}.Debug|x64.ActiveCfg = Debug|Any CPU
		{47B0BAF8-DA22-45D3-A6C6-5FD61D88E27A}.Debug|x64.Build.0 = Debug|Any CPU
		{47B0BAF8-DA22-45D3-A6C6-5FD61D88E27A}.Debug|x86.ActiveCfg = Debug|Any CPU
		{47B0BAF8-DA22-45D3-A6C6-5FD61D88E27A}.Debug|x86.Build.0 = Debug|Any CPU
		{47B0BAF8-DA22-45D3-A6C6-5FD61D88E27A}.Release|Any CPU.ActiveCfg = Release|Any CPU
		{47B0BAF8-DA22-45D3-A6C6-5FD61D88E27A}.Release|Any CPU.Build.0 = Release|Any CPU
		{47B0BAF8-DA22-45D3-A6C6-5FD61D88E27A}.Release|x64.ActiveCfg = Release|Any CPU
		{47B0BAF8-DA22-45D3-A6C6-5FD61D88E27A}.Release|x64.Build.0 = Release|Any CPU
		{47B0BAF8-DA22-45D3-A6C6-5FD61D88E27A}.Release|x86.ActiveCfg = Release|Any CPU
		{47B0BAF8-DA22-45D3-A6C6-5FD61D88E27A}.Release|x86.Build.0 = Release|Any CPU
		{F611DA71-9A86-41DB-9575-C1C5A5942E28}.Debug|Any CPU.ActiveCfg = Debug|Any CPU
		{F611DA71-9A86-41DB-9575-C1C5A5942E28}.Debug|Any CPU.Build.0 = Debug|Any CPU
		{F611DA71-9A86-41DB-9575-C1C5A5942E28}.Debug|x64.ActiveCfg = Debug|Any CPU
		{F611DA71-9A86-41DB-9575-C1C5A5942E28}.Debug|x64.Build.0 = Debug|Any CPU
		{F611DA71-9A86-41DB-9575-C1C5A5942E28}.Debug|x86.ActiveCfg = Debug|Any CPU
		{F611DA71-9A86-41DB-9575-C1C5A5942E28}.Debug|x86.Build.0 = Debug|Any CPU
		{F611DA71-9A86-41DB-9575-C1C5A5942E28}.Release|Any CPU.ActiveCfg = Release|Any CPU
		{F611DA71-9A86-41DB-9575-C1C5A5942E28}.Release|Any CPU.Build.0 = Release|Any CPU
		{F611DA71-9A86-41DB-9575-C1C5A5942E28}.Release|x64.ActiveCfg = Release|Any CPU
		{F611DA71-9A86-41DB-9575-C1C5A5942E28}.Release|x64.Build.0 = Release|Any CPU
		{F611DA71-9A86-41DB-9575-C1C5A5942E28}.Release|x86.ActiveCfg = Release|Any CPU
		{F611DA71-9A86-41DB-9575-C1C5A5942E28}.Release|x86.Build.0 = Release|Any CPU
	EndGlobalSection
	GlobalSection(SolutionProperties) = preSolution
		HideSolutionNode = FALSE
	EndGlobalSection
	GlobalSection(NestedProjects) = preSolution
		{F690618B-B208-4B97-9290-B88854D86A6E} = {D82DD353-010F-4533-BE03-D7C9D2BC72FA}
		{13271238-C079-453C-805F-BE0E665FCBA6} = {D82DD353-010F-4533-BE03-D7C9D2BC72FA}
		{51985B13-4E5A-4503-BCCC-F15CE243E624} = {0C88DD14-F956-CE84-757C-A364CCF449FC}
		{0978D9CF-14B0-4D97-B58C-65F4B61FFB64} = {D82DD353-010F-4533-BE03-D7C9D2BC72FA}
		{47B0BAF8-DA22-45D3-A6C6-5FD61D88E27A} = {D82DD353-010F-4533-BE03-D7C9D2BC72FA}
		{F611DA71-9A86-41DB-9575-C1C5A5942E28} = {D82DD353-010F-4533-BE03-D7C9D2BC72FA}
	EndGlobalSection
EndGlobal
