
Microsoft Visual Studio Solution File, Format Version 12.00
# Visual Studio 15
VisualStudioVersion = 15.0.26124.0
MinimumVisualStudioVersion = 15.0.26124.0
Project("{2150E333-8FDC-42A3-9474-1A3956D46DE8}") = "src", "src", "{D82DD353-010F-4533-BE03-D7C9D2BC72FA}"
EndProject
Project("{FAE04EC0-301F-11D3-BF4B-00C04F79EFBC}") = "NRPC.Base", "src\NRPC.Base\NRPC.Base.csproj", "{E661D4F1-09F2-42DE-A1E1-5147763C8DF7}"
EndProject
Project("{FAE04EC0-301F-11D3-BF4B-00C04F79EFBC}") = "NRPC.Proxy", "src\NRPC.Proxy\NRPC.Proxy.csproj", "{F690618B-B208-4B97-9290-B88854D86A6E}"
EndProject
Project("{FAE04EC0-301F-11D3-BF4B-00C04F79EFBC}") = "NRPC.Client", "src\NRPC.Client\NRPC.Client.csproj", "{101D5EFC-E157-4C57-9805-21EE239597D8}"
EndProject
Project("{2150E333-8FDC-42A3-9474-1A3956D46DE8}") = "channels", "channels", "{E2A85EE0-6C45-4AF6-B64D-E61CF9B907C5}"
EndProject
Project("{FAE04EC0-301F-11D3-BF4B-00C04F79EFBC}") = "NRPC.Channels.Pipe", "src\channels\NRPC.Channels.Pipe\NRPC.Channels.Pipe.csproj", "{D41CE4F9-0192-4603-900E-682AA8C1E7FB}"
EndProject
Project("{2150E333-8FDC-42A3-9474-1A3956D46DE8}") = "codecs", "codecs", "{614993D9-9209-40C2-AFF1-1C515019946B}"
EndProject
Project("{FAE04EC0-301F-11D3-BF4B-00C04F79EFBC}") = "NRPC.Codecs.Json", "src\codecs\NRPC.Codecs.Json\NRPC.Codecs.Json.csproj", "{033C1E8C-3A1A-426E-A0A2-EE84AB4EF48C}"
EndProject
Global
	GlobalSection(SolutionConfigurationPlatforms) = preSolution
		Debug|Any CPU = Debug|Any CPU
		Debug|x64 = Debug|x64
		Debug|x86 = Debug|x86
		Release|Any CPU = Release|Any CPU
		Release|x64 = Release|x64
		Release|x86 = Release|x86
	EndGlobalSection
	GlobalSection(SolutionProperties) = preSolution
		HideSolutionNode = FALSE
	EndGlobalSection
	GlobalSection(ProjectConfigurationPlatforms) = postSolution
		{E661D4F1-09F2-42DE-A1E1-5147763C8DF7}.Debug|Any CPU.ActiveCfg = Debug|Any CPU
		{E661D4F1-09F2-42DE-A1E1-5147763C8DF7}.Debug|Any CPU.Build.0 = Debug|Any CPU
		{E661D4F1-09F2-42DE-A1E1-5147763C8DF7}.Debug|x64.ActiveCfg = Debug|Any CPU
		{E661D4F1-09F2-42DE-A1E1-5147763C8DF7}.Debug|x64.Build.0 = Debug|Any CPU
		{E661D4F1-09F2-42DE-A1E1-5147763C8DF7}.Debug|x86.ActiveCfg = Debug|Any CPU
		{E661D4F1-09F2-42DE-A1E1-5147763C8DF7}.Debug|x86.Build.0 = Debug|Any CPU
		{E661D4F1-09F2-42DE-A1E1-5147763C8DF7}.Release|Any CPU.ActiveCfg = Release|Any CPU
		{E661D4F1-09F2-42DE-A1E1-5147763C8DF7}.Release|Any CPU.Build.0 = Release|Any CPU
		{E661D4F1-09F2-42DE-A1E1-5147763C8DF7}.Release|x64.ActiveCfg = Release|Any CPU
		{E661D4F1-09F2-42DE-A1E1-5147763C8DF7}.Release|x64.Build.0 = Release|Any CPU
		{E661D4F1-09F2-42DE-A1E1-5147763C8DF7}.Release|x86.ActiveCfg = Release|Any CPU
		{E661D4F1-09F2-42DE-A1E1-5147763C8DF7}.Release|x86.Build.0 = Release|Any CPU
		{F690618B-B208-4B97-9290-B88854D86A6E}.Debug|Any CPU.ActiveCfg = Debug|Any CPU
		{F690618B-B208-4B97-9290-B88854D86A6E}.Debug|Any CPU.Build.0 = Debug|Any CPU
		{F690618B-B208-4B97-9290-B88854D86A6E}.Debug|x64.ActiveCfg = Debug|Any CPU
		{F690618B-B208-4B97-9290-B88854D86A6E}.Debug|x64.Build.0 = Debug|Any CPU
		{F690618B-B208-4B97-9290-B88854D86A6E}.Debug|x86.ActiveCfg = Debug|Any CPU
		{F690618B-B208-4B97-9290-B88854D86A6E}.Debug|x86.Build.0 = Debug|Any CPU
		{F690618B-B208-4B97-9290-B88854D86A6E}.Release|Any CPU.ActiveCfg = Release|Any CPU
		{F690618B-B208-4B97-9290-B88854D86A6E}.Release|Any CPU.Build.0 = Release|Any CPU
		{F690618B-B208-4B97-9290-B88854D86A6E}.Release|x64.ActiveCfg = Release|Any CPU
		{F690618B-B208-4B97-9290-B88854D86A6E}.Release|x64.Build.0 = Release|Any CPU
		{F690618B-B208-4B97-9290-B88854D86A6E}.Release|x86.ActiveCfg = Release|Any CPU
		{F690618B-B208-4B97-9290-B88854D86A6E}.Release|x86.Build.0 = Release|Any CPU
		{101D5EFC-E157-4C57-9805-21EE239597D8}.Debug|Any CPU.ActiveCfg = Debug|Any CPU
		{101D5EFC-E157-4C57-9805-21EE239597D8}.Debug|Any CPU.Build.0 = Debug|Any CPU
		{101D5EFC-E157-4C57-9805-21EE239597D8}.Debug|x64.ActiveCfg = Debug|Any CPU
		{101D5EFC-E157-4C57-9805-21EE239597D8}.Debug|x64.Build.0 = Debug|Any CPU
		{101D5EFC-E157-4C57-9805-21EE239597D8}.Debug|x86.ActiveCfg = Debug|Any CPU
		{101D5EFC-E157-4C57-9805-21EE239597D8}.Debug|x86.Build.0 = Debug|Any CPU
		{101D5EFC-E157-4C57-9805-21EE239597D8}.Release|Any CPU.ActiveCfg = Release|Any CPU
		{101D5EFC-E157-4C57-9805-21EE239597D8}.Release|Any CPU.Build.0 = Release|Any CPU
		{101D5EFC-E157-4C57-9805-21EE239597D8}.Release|x64.ActiveCfg = Release|Any CPU
		{101D5EFC-E157-4C57-9805-21EE239597D8}.Release|x64.Build.0 = Release|Any CPU
		{101D5EFC-E157-4C57-9805-21EE239597D8}.Release|x86.ActiveCfg = Release|Any CPU
		{101D5EFC-E157-4C57-9805-21EE239597D8}.Release|x86.Build.0 = Release|Any CPU
		{D41CE4F9-0192-4603-900E-682AA8C1E7FB}.Debug|Any CPU.ActiveCfg = Debug|Any CPU
		{D41CE4F9-0192-4603-900E-682AA8C1E7FB}.Debug|Any CPU.Build.0 = Debug|Any CPU
		{D41CE4F9-0192-4603-900E-682AA8C1E7FB}.Debug|x64.ActiveCfg = Debug|Any CPU
		{D41CE4F9-0192-4603-900E-682AA8C1E7FB}.Debug|x64.Build.0 = Debug|Any CPU
		{D41CE4F9-0192-4603-900E-682AA8C1E7FB}.Debug|x86.ActiveCfg = Debug|Any CPU
		{D41CE4F9-0192-4603-900E-682AA8C1E7FB}.Debug|x86.Build.0 = Debug|Any CPU
		{D41CE4F9-0192-4603-900E-682AA8C1E7FB}.Release|Any CPU.ActiveCfg = Release|Any CPU
		{D41CE4F9-0192-4603-900E-682AA8C1E7FB}.Release|Any CPU.Build.0 = Release|Any CPU
		{D41CE4F9-0192-4603-900E-682AA8C1E7FB}.Release|x64.ActiveCfg = Release|Any CPU
		{D41CE4F9-0192-4603-900E-682AA8C1E7FB}.Release|x64.Build.0 = Release|Any CPU
		{D41CE4F9-0192-4603-900E-682AA8C1E7FB}.Release|x86.ActiveCfg = Release|Any CPU
		{D41CE4F9-0192-4603-900E-682AA8C1E7FB}.Release|x86.Build.0 = Release|Any CPU
		{033C1E8C-3A1A-426E-A0A2-EE84AB4EF48C}.Debug|Any CPU.ActiveCfg = Debug|Any CPU
		{033C1E8C-3A1A-426E-A0A2-EE84AB4EF48C}.Debug|Any CPU.Build.0 = Debug|Any CPU
		{033C1E8C-3A1A-426E-A0A2-EE84AB4EF48C}.Debug|x64.ActiveCfg = Debug|Any CPU
		{033C1E8C-3A1A-426E-A0A2-EE84AB4EF48C}.Debug|x64.Build.0 = Debug|Any CPU
		{033C1E8C-3A1A-426E-A0A2-EE84AB4EF48C}.Debug|x86.ActiveCfg = Debug|Any CPU
		{033C1E8C-3A1A-426E-A0A2-EE84AB4EF48C}.Debug|x86.Build.0 = Debug|Any CPU
		{033C1E8C-3A1A-426E-A0A2-EE84AB4EF48C}.Release|Any CPU.ActiveCfg = Release|Any CPU
		{033C1E8C-3A1A-426E-A0A2-EE84AB4EF48C}.Release|Any CPU.Build.0 = Release|Any CPU
		{033C1E8C-3A1A-426E-A0A2-EE84AB4EF48C}.Release|x64.ActiveCfg = Release|Any CPU
		{033C1E8C-3A1A-426E-A0A2-EE84AB4EF48C}.Release|x64.Build.0 = Release|Any CPU
		{033C1E8C-3A1A-426E-A0A2-EE84AB4EF48C}.Release|x86.ActiveCfg = Release|Any CPU
		{033C1E8C-3A1A-426E-A0A2-EE84AB4EF48C}.Release|x86.Build.0 = Release|Any CPU
	EndGlobalSection
	GlobalSection(NestedProjects) = preSolution
		{E661D4F1-09F2-42DE-A1E1-5147763C8DF7} = {D82DD353-010F-4533-BE03-D7C9D2BC72FA}
		{F690618B-B208-4B97-9290-B88854D86A6E} = {D82DD353-010F-4533-BE03-D7C9D2BC72FA}
		{101D5EFC-E157-4C57-9805-21EE239597D8} = {D82DD353-010F-4533-BE03-D7C9D2BC72FA}
		{E2A85EE0-6C45-4AF6-B64D-E61CF9B907C5} = {D82DD353-010F-4533-BE03-D7C9D2BC72FA}
		{D41CE4F9-0192-4603-900E-682AA8C1E7FB} = {E2A85EE0-6C45-4AF6-B64D-E61CF9B907C5}
		{614993D9-9209-40C2-AFF1-1C515019946B} = {D82DD353-010F-4533-BE03-D7C9D2BC72FA}
		{033C1E8C-3A1A-426E-A0A2-EE84AB4EF48C} = {614993D9-9209-40C2-AFF1-1C515019946B}
	EndGlobalSection
EndGlobal
